[[package]]
name = "chinesecalendar"
version = "1.7.2"
description = "check if some day is holiday in China"
category = "main"
optional = false
python-versions = "*"

[[package]]
name = "et-xmlfile"
version = "1.1.0"
description = "An implementation of lxml.xmlfile for the standard library"
category = "main"
optional = false
python-versions = ">=3.6"

[[package]]
name = "openpyxl"
version = "3.0.10"
description = "A Python library to read/write Excel 2010 xlsx/xlsm files"
category = "main"
optional = false
python-versions = ">=3.6"

[package.dependencies]
et-xmlfile = "*"

[metadata]
lock-version = "1.1"
python-versions = "^3.9"
content-hash = "c0b683fe3c98f83d2b2c465e6b03dae580310e4e691015c13f77d48babc19915"

[metadata.files]
chinesecalendar = [
    {file = "chinesecalendar-1.7.2-py2.py3-none-any.whl", hash = "sha256:ef3981c573cf9256e159bf1e01d0994b5bcdab50cc411fa28cbd81e5d55f5550"},
    {file = "chinesecalendar-1.7.2.tar.gz", hash = "sha256:3d76b53346e11c7f7585ee71cdc05cef8fd534ad73fea6cd2fed96d421697aa9"},
]
et-xmlfile = [
    {file = "et_xmlfile-1.1.0-py3-none-any.whl", hash = "sha256:a2ba85d1d6a74ef63837eed693bcb89c3f752169b0e3e7ae5b16ca5e1b3deada"},
    {file = "et_xmlfile-1.1.0.tar.gz", hash = "sha256:8eb9e2bc2f8c97e37a2dc85a09ecdcdec9d8a396530a6d5a33b30b9a92da0c5c"},
]
openpyxl = [
    {file = "openpyxl-3.0.10-py2.py3-none-any.whl", hash = "sha256:0ab6d25d01799f97a9464630abacbb34aafecdcaa0ef3cba6d6b3499867d0355"},
    {file = "openpyxl-3.0.10.tar.gz", hash = "sha256:e47805627aebcf860edb4edf7987b1309c1b3632f3750538ed962bbcc3bd7449"},
]
